// !$*UTF8*$!
{
	archiveVersion = 1;
	classes = {
	};
	objectVersion = 50;
	objects = {

/* Begin PBXBuildFile section */
		04BA9E1723696C040017DCB1 /* CGXNavigationBarOCBundle.m in Sources */ = {isa = PBXBuildFile; fileRef = 04BA9E1623696C040017DCB1 /* CGXNavigationBarOCBundle.m */; };
		04BA9E1823696C040017DCB1 /* CGXNavigationBarOCBundle.h in CopyFiles */ = {isa = PBXBuildFile; fileRef = 04BA9E1523696C040017DCB1 /* CGXNavigationBarOCBundle.h */; };
/* End PBXBuildFile section */

/* Begin PBXCopyFilesBuildPhase section */
		04BA9E1023696C040017DCB1 /* CopyFiles */ = {
			isa = PBXCopyFilesBuildPhase;
			buildActionMask = 2147483647;
			dstPath = "include/$(PRODUCT_NAME)";
			dstSubfolderSpec = 16;
			files = (
				04BA9E1823696C040017DCB1 /* CGXNavigationBarOCBundle.h in CopyFiles */,
			);
			runOnlyForDeploymentPostprocessing = 0;
		};
/* End PBXCopyFilesBuildPhase section */

/* Begin PBXFileReference section */
		04BA9E1223696C040017DCB1 /* libCGXNavigationBarOCBundle.a */ = {isa = PBXFileReference; explicitFileType = archive.ar; includeInIndex = 0; path = libCGXNavigationBarOCBundle.a; sourceTree = BUILT_PRODUCTS_DIR; };
		04BA9E1523696C040017DCB1 /* CGXNavigationBarOCBundle.h */ = {isa = PBXFileReference; lastKnownFileType = sourcecode.c.h; path = CGXNavigationBarOCBundle.h; sourceTree = "<group>"; };
		04BA9E1623696C040017DCB1 /* CGXNavigationBarOCBundle.m */ = {isa = PBXFileReference; lastKnownFileType = sourcecode.c.objc; path = CGXNavigationBarOCBundle.m; sourceTree = "<group>"; };
		04BA9E1E23696D5B0017DCB1 /* CGXNavigationBarOCBundle.bundle */ = {isa = PBXFileReference; lastKnownFileType = "wrapper.plug-in"; path = CGXNavigationBarOCBundle.bundle; sourceTree = "<group>"; };
/* End PBXFileReference section */

/* Begin PBXFrameworksBuildPhase section */
		04BA9E0F23696C040017DCB1 /* Frameworks */ = {
			isa = PBXFrameworksBuildPhase;
			buildActionMask = 2147483647;
			files = (
			);
			runOnlyForDeploymentPostprocessing = 0;
		};
/* End PBXFrameworksBuildPhase section */

/* Begin PBXGroup section */
		04BA9E0923696C040017DCB1 = {
			isa = PBXGroup;
			children = (
				04BA9E1423696C040017DCB1 /* CGXNavigationBarOCBundle */,
				04BA9E1323696C040017DCB1 /* Products */,
			);
			sourceTree = "<group>";
		};
		04BA9E1323696C040017DCB1 /* Products */ = {
			isa = PBXGroup;
			children = (
				04BA9E1223696C040017DCB1 /* libCGXNavigationBarOCBundle.a */,
			);
			name = Products;
			sourceTree = "<group>";
		};
		04BA9E1423696C040017DCB1 /* CGXNavigationBarOCBundle */ = {
			isa = PBXGroup;
			children = (
				04BA9E1523696C040017DCB1 /* CGXNavigationBarOCBundle.h */,
				04BA9E1623696C040017DCB1 /* CGXNavigationBarOCBundle.m */,
				04BA9E1E23696D5B0017DCB1 /* CGXNavigationBarOCBundle.bundle */,
			);
			path = CGXNavigationBarOCBundle;
			sourceTree = "<group>";
		};
/* End PBXGroup section */

/* Begin PBXNativeTarget section */
		04BA9E1123696C040017DCB1 /* CGXNavigationBarOCBundle */ = {
			isa = PBXNativeTarget;
			buildConfigurationList = 04BA9E1B23696C040017DCB1 /* Build configuration list for PBXNativeTarget "CGXNavigationBarOCBundle" */;
			buildPhases = (
				04BA9E0E23696C040017DCB1 /* Sources */,
				04BA9E0F23696C040017DCB1 /* Frameworks */,
				04BA9E1023696C040017DCB1 /* CopyFiles */,
			);
			buildRules = (
			);
			dependencies = (
			);
			name = CGXNavigationBarOCBundle;
			productName = CGXNavigationBarOCBundle;
			productReference = 04BA9E1223696C040017DCB1 /* libCGXNavigationBarOCBundle.a */;
			productType = "com.apple.product-type.library.static";
		};
/* End PBXNativeTarget section */

/* Begin PBXProject section */
		04BA9E0A23696C040017DCB1 /* Project object */ = {
			isa = PBXProject;
			attributes = {
				LastUpgradeCheck = 1100;
				ORGANIZATIONNAME = CGX;
				TargetAttributes = {
					04BA9E1123696C040017DCB1 = {
						CreatedOnToolsVersion = 11.0;
					};
				};
			};
			buildConfigurationList = 04BA9E0D23696C040017DCB1 /* Build configuration list for PBXProject "CGXNavigationBarOCBundle" */;
			compatibilityVersion = "Xcode 9.3";
			developmentRegion = en;
			hasScannedForEncodings = 0;
			knownRegions = (
				en,
				Base,
			);
			mainGroup = 04BA9E0923696C040017DCB1;
			productRefGroup = 04BA9E1323696C040017DCB1 /* Products */;
			projectDirPath = "";
			projectRoot = "";
			targets = (
				04BA9E1123696C040017DCB1 /* CGXNavigationBarOCBundle */,
			);
		};
/* End PBXProject section */

/* Begin PBXSourcesBuildPhase section */
		04BA9E0E23696C040017DCB1 /* Sources */ = {
			isa = PBXSourcesBuildPhase;
			buildActionMask = 2147483647;
			files = (
				04BA9E1723696C040017DCB1 /* CGXNavigationBarOCBundle.m in Sources */,
			);
			runOnlyForDeploymentPostprocessing = 0;
		};
/* End PBXSourcesBuildPhase section */

/* Begin XCBuildConfiguration section */
		04BA9E1923696C040017DCB1 /* Debug */ = {
			isa = XCBuildConfiguration;
			buildSettings = {
				ALWAYS_SEARCH_USER_PATHS = NO;
				CLANG_ANALYZER_NONNULL = YES;
				CLANG_ANALYZER_NUMBER_OBJECT_CONVERSION = YES_AGGRESSIVE;
				CLANG_CXX_LANGUAGE_STANDARD = "gnu++14";
				CLANG_CXX_LIBRARY = "libc++";
				CLANG_ENABLE_MODULES = YES;
				CLANG_ENABLE_OBJC_ARC = YES;
				CLANG_ENABLE_OBJC_WEAK = YES;
				CLANG_WARN_BLOCK_CAPTURE_AUTORELEASING = YES;
				CLANG_WARN_BOOL_CONVERSION = YES;
				CLANG_WARN_COMMA = YES;
				CLANG_WARN_CONSTANT_CONVERSION = YES;
				CLANG_WARN_DEPRECATED_OBJC_IMPLEMENTATIONS = YES;
				CLANG_WARN_DIRECT_OBJC_ISA_USAGE = YES_ERROR;
				CLANG_WARN_DOCUMENTATION_COMMENTS = YES;
				CLANG_WARN_EMPTY_BODY = YES;
				CLANG_WARN_ENUM_CONVERSION = YES;
				CLANG_WARN_INFINITE_RECURSION = YES;
				CLANG_WARN_INT_CONVERSION = YES;
				CLANG_WARN_NON_LITERAL_NULL_CONVERSION = YES;
				CLANG_WARN_OBJC_IMPLICIT_RETAIN_SELF = YES;
				CLANG_WARN_OBJC_LITERAL_CONVERSION = YES;
				CLANG_WARN_OBJC_ROOT_CLASS = YES_ERROR;
				CLANG_WARN_RANGE_LOOP_ANALYSIS = YES;
				CLANG_WARN_STRICT_PROTOTYPES = YES;
				CLANG_WARN_SUSPICIOUS_MOVE = YES;
				CLANG_WARN_UNGUARDED_AVAILABILITY = YES_AGGRESSIVE;
				CLANG_WARN_UNREACHABLE_CODE = YES;
				CLANG_WARN__DUPLICATE_METHOD_MATCH = YES;
				COPY_PHASE_STRIP = NO;
				DEBUG_INFORMATION_FORMAT = dwarf;
				ENABLE_STRICT_OBJC_MSGSEND = YES;
				ENABLE_TESTABILITY = YES;
				GCC_C_LANGUAGE_STANDARD = gnu11;
				GCC_DYNAMIC_NO_PIC = NO;
				GCC_NO_COMMON_BLOCKS = YES;
				GCC_OPTIMIZATION_LEVEL = 0;
				GCC_PREPROCESSOR_DEFINITIONS = (
					"DEBUG=1",
					"$(inherited)",
				);
				GCC_WARN_64_TO_32_BIT_CONVERSION = YES;
				GCC_WARN_ABOUT_RETURN_TYPE = YES_ERROR;
				GCC_WARN_UNDECLARED_SELECTOR = YES;
				GCC_WARN_UNINITIALIZED_AUTOS = YES_AGGRESSIVE;
				GCC_WARN_UNUSED_FUNCTION = YES;
				GCC_WARN_UNUSED_VARIABLE = YES;
				IPHONEOS_DEPLOYMENT_TARGET = 8.0;
				MTL_ENABLE_DEBUG_INFO = INCLUDE_SOURCE;
				MTL_FAST_MATH = YES;
				ONLY_ACTIVE_ARCH = YES;
				SDKROOT = iphoneos;
			};
			name = Debug;
		};
		04BA9E1A23696C040017DCB1 /* Release */ = {
			isa = XCBuildConfiguration;
			buildSettings = {
				ALWAYS_SEARCH_USER_PATHS = NO;
				CLANG_ANALYZER_NONNULL = YES;
				CLANG_ANALYZER_NUMBER_OBJECT_CONVERSION = YES_AGGRESSIVE;
				CLANG_CXX_LANGUAGE_STANDARD = "gnu++14";
				CLANG_CXX_LIBRARY = "libc++";
				CLANG_ENABLE_MODULES = YES;
				CLANG_ENABLE_OBJC_ARC = YES;
				CLANG_ENABLE_OBJC_WEAK = YES;
				CLANG_WARN_BLOCK_CAPTURE_AUTORELEASING = YES;
				CLANG_WARN_BOOL_CONVERSION = YES;
				CLANG_WARN_COMMA = YES;
				CLANG_WARN_CONSTANT_CONVERSION = YES;
				CLANG_WARN_DEPRECATED_OBJC_IMPLEMENTATIONS = YES;
				CLANG_WARN_DIRECT_OBJC_ISA_USAGE = YES_ERROR;
				CLANG_WARN_DOCUMENTATION_COMMENTS = YES;
				CLANG_WARN_EMPTY_BODY = YES;
				CLANG_WARN_ENUM_CONVERSION = YES;
				CLANG_WARN_INFINITE_RECURSION = YES;
				CLANG_WARN_INT_CONVERSION = YES;
				CLANG_WARN_NON_LITERAL_NULL_CONVERSION = YES;
				CLANG_WARN_OBJC_IMPLICIT_RETAIN_SELF = YES;
				CLANG_WARN_OBJC_LITERAL_CONVERSION = YES;
				CLANG_WARN_OBJC_ROOT_CLASS = YES_ERROR;
				CLANG_WARN_RANGE_LOOP_ANALYSIS = YES;
				CLANG_WARN_STRICT_PROTOTYPES = YES;
				CLANG_WARN_SUSPICIOUS_MOVE = YES;
				CLANG_WARN_UNGUARDED_AVAILABILITY = YES_AGGRESSIVE;
				CLANG_WARN_UNREACHABLE_CODE = YES;
				CLANG_WARN__DUPLICATE_METHOD_MATCH = YES;
				COPY_PHASE_STRIP = NO;
				DEBUG_INFORMATION_FORMAT = "dwarf-with-dsym";
				ENABLE_NS_ASSERTIONS = NO;
				ENABLE_STRICT_OBJC_MSGSEND = YES;
				GCC_C_LANGUAGE_STANDARD = gnu11;
				GCC_NO_COMMON_BLOCKS = YES;
				GCC_WARN_64_TO_32_BIT_CONVERSION = YES;
				GCC_WARN_ABOUT_RETURN_TYPE = YES_ERROR;
				GCC_WARN_UNDECLARED_SELECTOR = YES;
				GCC_WARN_UNINITIALIZED_AUTOS = YES_AGGRESSIVE;
				GCC_WARN_UNUSED_FUNCTION = YES;
				GCC_WARN_UNUSED_VARIABLE = YES;
				IPHONEOS_DEPLOYMENT_TARGET = 8.0;
				MTL_ENABLE_DEBUG_INFO = NO;
				MTL_FAST_MATH = YES;
				SDKROOT = iphoneos;
				VALIDATE_PRODUCT = YES;
			};
			name = Release;
		};
		04BA9E1C23696C040017DCB1 /* Debug */ = {
			isa = XCBuildConfiguration;
			buildSettings = {
				CODE_SIGN_STYLE = Automatic;
				DEVELOPMENT_TEAM = 424D9G4X35;
				ONLY_ACTIVE_ARCH = NO;
				OTHER_LDFLAGS = "-ObjC";
				PRODUCT_NAME = "$(TARGET_NAME)";
				SKIP_INSTALL = YES;
				TARGETED_DEVICE_FAMILY = "1,2";
			};
			name = Debug;
		};
		04BA9E1D23696C040017DCB1 /* Release */ = {
			isa = XCBuildConfiguration;
			buildSettings = {
				CODE_SIGN_STYLE = Automatic;
				DEVELOPMENT_TEAM = 424D9G4X35;
				OTHER_LDFLAGS = "-ObjC";
				PRODUCT_NAME = "$(TARGET_NAME)";
				SKIP_INSTALL = YES;
				TARGETED_DEVICE_FAMILY = "1,2";
			};
			name = Release;
		};
/* End XCBuildConfiguration section */

/* Begin XCConfigurationList section */
		04BA9E0D23696C040017DCB1 /* Build configuration list for PBXProject "CGXNavigationBarOCBundle" */ = {
			isa = XCConfigurationList;
			buildConfigurations = (
				04BA9E1923696C040017DCB1 /* Debug */,
				04BA9E1A23696C040017DCB1 /* Release */,
			);
			defaultConfigurationIsVisible = 0;
			defaultConfigurationName = Release;
		};
		04BA9E1B23696C040017DCB1 /* Build configuration list for PBXNativeTarget "CGXNavigationBarOCBundle" */ = {
			isa = XCConfigurationList;
			buildConfigurations = (
				04BA9E1C23696C040017DCB1 /* Debug */,
				04BA9E1D23696C040017DCB1 /* Release */,
			);
			defaultConfigurationIsVisible = 0;
			defaultConfigurationName = Release;
		};
/* End XCConfigurationList section */
	};
	rootObject = 04BA9E0A23696C040017DCB1 /* Project object */;
}
